
Microsoft Visual Studio Solution File, Format Version 12.00
# Visual Studio Version 16
VisualStudioVersion = 16.0.31105.61
MinimumVisualStudioVersion = 10.0.40219.1
Project("{FAE04EC0-301F-11D3-BF4B-00C04F79EFBC}") = "q5id.guardian.Android", "q5id.guardian.Android\q5id.guardian.Android.csproj", "{8B4BFDA7-C59F-458B-98FF-2B08B71E9A48}"
EndProject
Project("{FAE04EC0-301F-11D3-BF4B-00C04F79EFBC}") = "q5id.guardian.iOS", "q5id.guardian.iOS\q5id.guardian.iOS.csproj", "{81F05E28-E9F5-49F7-AFD4-2F36019F092D}"
EndProject
Project("{FAE04EC0-301F-11D3-BF4B-00C04F79EFBC}") = "q5id.guardian", "q5id.guardian\q5id.guardian.csproj", "{64F6A1E6-88A9-4D9A-B303-99CD996E1451}"
EndProject
Global
	GlobalSection(SolutionConfigurationPlatforms) = preSolution
		Debug|Any CPU = Debug|Any CPU
		Debug|iPhone = Debug|iPhone
		Debug|iPhoneSimulator = Debug|iPhoneSimulator
		Release|Any CPU = Release|Any CPU
		Release|iPhone = Release|iPhone
		Release|iPhoneSimulator = Release|iPhoneSimulator
	EndGlobalSection
	GlobalSection(ProjectConfigurationPlatforms) = postSolution
		{8B4BFDA7-C59F-458B-98FF-2B08B71E9A48}.Debug|Any CPU.ActiveCfg = Debug|Any CPU
		{8B4BFDA7-C59F-458B-98FF-2B08B71E9A48}.Debug|Any CPU.Build.0 = Debug|Any CPU
		{8B4BFDA7-C59F-458B-98FF-2B08B71E9A48}.Debug|Any CPU.Deploy.0 = Debug|Any CPU
		{8B4BFDA7-C59F-458B-98FF-2B08B71E9A48}.Debug|iPhone.ActiveCfg = Debug|Any CPU
		{8B4BFDA7-C59F-458B-98FF-2B08B71E9A48}.Debug|iPhone.Build.0 = Debug|Any CPU
		{8B4BFDA7-C59F-458B-98FF-2B08B71E9A48}.Debug|iPhone.Deploy.0 = Debug|Any CPU
		{8B4BFDA7-C59F-458B-98FF-2B08B71E9A48}.Debug|iPhoneSimulator.ActiveCfg = Debug|Any CPU
		{8B4BFDA7-C59F-458B-98FF-2B08B71E9A48}.Debug|iPhoneSimulator.Build.0 = Debug|Any CPU
		{8B4BFDA7-C59F-458B-98FF-2B08B71E9A48}.Debug|iPhoneSimulator.Deploy.0 = Debug|Any CPU
		{8B4BFDA7-C59F-458B-98FF-2B08B71E9A48}.Release|Any CPU.ActiveCfg = Release|Any CPU
		{8B4BFDA7-C59F-458B-98FF-2B08B71E9A48}.Release|Any CPU.Build.0 = Release|Any CPU
		{8B4BFDA7-C59F-458B-98FF-2B08B71E9A48}.Release|Any CPU.Deploy.0 = Release|Any CPU
		{8B4BFDA7-C59F-458B-98FF-2B08B71E9A48}.Release|iPhone.ActiveCfg = Release|Any CPU
		{8B4BFDA7-C59F-458B-98FF-2B08B71E9A48}.Release|iPhone.Build.0 = Release|Any CPU
		{8B4BFDA7-C59F-458B-98FF-2B08B71E9A48}.Release|iPhone.Deploy.0 = Release|Any CPU
		{8B4BFDA7-C59F-458B-98FF-2B08B71E9A48}.Release|iPhoneSimulator.ActiveCfg = Release|Any CPU
		{8B4BFDA7-C59F-458B-98FF-2B08B71E9A48}.Release|iPhoneSimulator.Build.0 = Release|Any CPU
		{8B4BFDA7-C59F-458B-98FF-2B08B71E9A48}.Release|iPhoneSimulator.Deploy.0 = Release|Any CPU
		{81F05E28-E9F5-49F7-AFD4-2F36019F092D}.Debug|Any CPU.ActiveCfg = Debug|iPhone
		{81F05E28-E9F5-49F7-AFD4-2F36019F092D}.Debug|Any CPU.Build.0 = Debug|iPhone
		{81F05E28-E9F5-49F7-AFD4-2F36019F092D}.Debug|Any CPU.Deploy.0 = Debug|iPhone
		{81F05E28-E9F5-49F7-AFD4-2F36019F092D}.Debug|iPhone.ActiveCfg = Debug|iPhone
		{81F05E28-E9F5-49F7-AFD4-2F36019F092D}.Debug|iPhone.Build.0 = Debug|iPhone
		{81F05E28-E9F5-49F7-AFD4-2F36019F092D}.Debug|iPhone.Deploy.0 = Debug|iPhone
		{81F05E28-E9F5-49F7-AFD4-2F36019F092D}.Debug|iPhoneSimulator.ActiveCfg = Debug|iPhoneSimulator
		{81F05E28-E9F5-49F7-AFD4-2F36019F092D}.Debug|iPhoneSimulator.Build.0 = Debug|iPhoneSimulator
		{81F05E28-E9F5-49F7-AFD4-2F36019F092D}.Debug|iPhoneSimulator.Deploy.0 = Debug|iPhoneSimulator
		{81F05E28-E9F5-49F7-AFD4-2F36019F092D}.Release|Any CPU.ActiveCfg = Release|iPhoneSimulator
		{81F05E28-E9F5-49F7-AFD4-2F36019F092D}.Release|Any CPU.Build.0 = Release|iPhoneSimulator
		{81F05E28-E9F5-49F7-AFD4-2F36019F092D}.Release|Any CPU.Deploy.0 = Release|iPhoneSimulator
		{81F05E28-E9F5-49F7-AFD4-2F36019F092D}.Release|iPhone.ActiveCfg = Release|iPhone
		{81F05E28-E9F5-49F7-AFD4-2F36019F092D}.Release|iPhone.Build.0 = Release|iPhone
		{81F05E28-E9F5-49F7-AFD4-2F36019F092D}.Release|iPhone.Deploy.0 = Release|iPhone
		{81F05E28-E9F5-49F7-AFD4-2F36019F092D}.Release|iPhoneSimulator.ActiveCfg = Release|iPhoneSimulator
		{81F05E28-E9F5-49F7-AFD4-2F36019F092D}.Release|iPhoneSimulator.Build.0 = Release|iPhoneSimulator
		{81F05E28-E9F5-49F7-AFD4-2F36019F092D}.Release|iPhoneSimulator.Deploy.0 = Release|iPhoneSimulator
		{64F6A1E6-88A9-4D9A-B303-99CD996E1451}.Debug|Any CPU.ActiveCfg = Debug|Any CPU
		{64F6A1E6-88A9-4D9A-B303-99CD996E1451}.Debug|Any CPU.Build.0 = Debug|Any CPU
		{64F6A1E6-88A9-4D9A-B303-99CD996E1451}.Debug|Any CPU.Deploy.0 = Debug|Any CPU
		{64F6A1E6-88A9-4D9A-B303-99CD996E1451}.Debug|iPhone.ActiveCfg = Debug|Any CPU
		{64F6A1E6-88A9-4D9A-B303-99CD996E1451}.Debug|iPhone.Build.0 = Debug|Any CPU
		{64F6A1E6-88A9-4D9A-B303-99CD996E1451}.Debug|iPhone.Deploy.0 = Debug|Any CPU
		{64F6A1E6-88A9-4D9A-B303-99CD996E1451}.Debug|iPhoneSimulator.ActiveCfg = Debug|Any CPU
		{64F6A1E6-88A9-4D9A-B303-99CD996E1451}.Debug|iPhoneSimulator.Build.0 = Debug|Any CPU
		{64F6A1E6-88A9-4D9A-B303-99CD996E1451}.Debug|iPhoneSimulator.Deploy.0 = Debug|Any CPU
		{64F6A1E6-88A9-4D9A-B303-99CD996E1451}.Release|Any CPU.ActiveCfg = Release|Any CPU
		{64F6A1E6-88A9-4D9A-B303-99CD996E1451}.Release|Any CPU.Build.0 = Release|Any CPU
		{64F6A1E6-88A9-4D9A-B303-99CD996E1451}.Release|Any CPU.Deploy.0 = Release|Any CPU
		{64F6A1E6-88A9-4D9A-B303-99CD996E1451}.Release|iPhone.ActiveCfg = Release|Any CPU
		{64F6A1E6-88A9-4D9A-B303-99CD996E1451}.Release|iPhone.Build.0 = Release|Any CPU
		{64F6A1E6-88A9-4D9A-B303-99CD996E1451}.Release|iPhone.Deploy.0 = Release|Any CPU
		{64F6A1E6-88A9-4D9A-B303-99CD996E1451}.Release|iPhoneSimulator.ActiveCfg = Release|Any CPU
		{64F6A1E6-88A9-4D9A-B303-99CD996E1451}.Release|iPhoneSimulator.Build.0 = Release|Any CPU
		{64F6A1E6-88A9-4D9A-B303-99CD996E1451}.Release|iPhoneSimulator.Deploy.0 = Release|Any CPU
	EndGlobalSection
	GlobalSection(SolutionProperties) = preSolution
		HideSolutionNode = FALSE
	EndGlobalSection
	GlobalSection(ExtensibilityGlobals) = postSolution
		SolutionGuid = {12A052E6-B378-42EF-A035-DF44C413454F}
	EndGlobalSection
EndGlobal
